// !$*UTF8*$!
{
	archiveVersion = 1;
	classes = {
	};
	objectVersion = 56;
	objects = {

/* Begin PBXBuildFile section */
		78017B0A2B293D3E001D4F96 /* Constants.swift in Sources */ = {isa = PBXBuildFile; fileRef = 78017B092B293D3E001D4F96 /* Constants.swift */; };
		78017B0C2B2940C4001D4F96 /* ListWithImageAndTitleCell.swift in Sources */ = {isa = PBXBuildFile; fileRef = 78017B0B2B2940C4001D4F96 /* ListWithImageAndTitleCell.swift */; };
		78017B0E2B294919001D4F96 /* CellHeaderView.swift in Sources */ = {isa = PBXBuildFile; fileRef = 78017B0D2B294919001D4F96 /* CellHeaderView.swift */; };
		78017B102B2954D4001D4F96 /* ListWithImageCell.swift in Sources */ = {isa = PBXBuildFile; fileRef = 78017B0F2B2954D4001D4F96 /* ListWithImageCell.swift */; };
		78017B122B29586E001D4F96 /* ListWithImageAndNumberCell.swift in Sources */ = {isa = PBXBuildFile; fileRef = 78017B112B29586E001D4F96 /* ListWithImageAndNumberCell.swift */; };
		78299A352B2A9E6F00C74E26 /* HomeViewModel.swift in Sources */ = {isa = PBXBuildFile; fileRef = 78299A342B2A9E6F00C74E26 /* HomeViewModel.swift */; };
		78299A392B2ABFD000C74E26 /* APIType.swift in Sources */ = {isa = PBXBuildFile; fileRef = 78299A382B2ABFD000C74E26 /* APIType.swift */; };
		78299A3B2B2AC98F00C74E26 /* APIResult.swift in Sources */ = {isa = PBXBuildFile; fileRef = 78299A3A2B2AC98F00C74E26 /* APIResult.swift */; };
		784209482B3073C300E1A295 /* StarRatingView.swift in Sources */ = {isa = PBXBuildFile; fileRef = 784209472B3073C300E1A295 /* StarRatingView.swift */; };
		788C55C22B281B3C008F74CB /* SnapKit in Frameworks */ = {isa = PBXBuildFile; productRef = 788C55C12B281B3C008F74CB /* SnapKit */; };
		788C55C52B281B46008F74CB /* Kingfisher in Frameworks */ = {isa = PBXBuildFile; productRef = 788C55C42B281B46008F74CB /* Kingfisher */; };
		788C55C82B281B6D008F74CB /* RxCocoa in Frameworks */ = {isa = PBXBuildFile; productRef = 788C55C72B281B6D008F74CB /* RxCocoa */; };
		788C55CA2B281B6D008F74CB /* RxSwift in Frameworks */ = {isa = PBXBuildFile; productRef = 788C55C92B281B6D008F74CB /* RxSwift */; };
		788C55CD2B281BE0008F74CB /* RxAlamofire in Frameworks */ = {isa = PBXBuildFile; productRef = 788C55CC2B281BE0008F74CB /* RxAlamofire */; };
		788C55D12B282C55008F74CB /* Section.swift in Sources */ = {isa = PBXBuildFile; fileRef = 788C55D02B282C55008F74CB /* Section.swift */; };
		788C55D32B282CBF008F74CB /* Item.swift in Sources */ = {isa = PBXBuildFile; fileRef = 788C55D22B282CBF008F74CB /* Item.swift */; };
		788C55DA2B282EF0008F74CB /* Content.swift in Sources */ = {isa = PBXBuildFile; fileRef = 788C55D92B282EF0008F74CB /* Content.swift */; };
		788C55DE2B28316F008F74CB /* ContentNavigationView.swift in Sources */ = {isa = PBXBuildFile; fileRef = 788C55DD2B28316F008F74CB /* ContentNavigationView.swift */; };
		788C55E02B283C19008F74CB /* BannerCell.swift in Sources */ = {isa = PBXBuildFile; fileRef = 788C55DF2B283C19008F74CB /* BannerCell.swift */; };
		78A68E112B315DA7003FAFEB /* TabBarController.swift in Sources */ = {isa = PBXBuildFile; fileRef = 78A68E102B315DA7003FAFEB /* TabBarController.swift */; };
		78A68E132B3163AE003FAFEB /* SearchViewController.swift in Sources */ = {isa = PBXBuildFile; fileRef = 78A68E122B3163AE003FAFEB /* SearchViewController.swift */; };
		78A68E152B32A199003FAFEB /* APIError.swift in Sources */ = {isa = PBXBuildFile; fileRef = 78A68E142B32A199003FAFEB /* APIError.swift */; };
		78A68E172B32A6C6003FAFEB /* ErrorCoverView.swift in Sources */ = {isa = PBXBuildFile; fileRef = 78A68E162B32A6C6003FAFEB /* ErrorCoverView.swift */; };
		78A68E192B32BA65003FAFEB /* Extensions.swift in Sources */ = {isa = PBXBuildFile; fileRef = 78A68E182B32BA65003FAFEB /* Extensions.swift */; };
		78A68E1C2B32BAD9003FAFEB /* Localizable.strings in Resources */ = {isa = PBXBuildFile; fileRef = 78A68E1E2B32BAD9003FAFEB /* Localizable.strings */; };
		78BE5AC82B29D63A0047B027 /* API.swift in Sources */ = {isa = PBXBuildFile; fileRef = 78BE5AC72B29D63A0047B027 /* API.swift */; };
		78D092382B33E601002D6763 /* SearchViewModel.swift in Sources */ = {isa = PBXBuildFile; fileRef = 78D092372B33E601002D6763 /* SearchViewModel.swift */; };
		78D0923A2B340562002D6763 /* ListWithTextAndButtonCell.swift in Sources */ = {isa = PBXBuildFile; fileRef = 78D092392B340562002D6763 /* ListWithTextAndButtonCell.swift */; };
		78EA42822B22A3D400E66AD9 /* AppDelegate.swift in Sources */ = {isa = PBXBuildFile; fileRef = 78EA42812B22A3D400E66AD9 /* AppDelegate.swift */; };
		78EA42842B22A3D400E66AD9 /* SceneDelegate.swift in Sources */ = {isa = PBXBuildFile; fileRef = 78EA42832B22A3D400E66AD9 /* SceneDelegate.swift */; };
		78EA42862B22A3D400E66AD9 /* HomeViewController.swift in Sources */ = {isa = PBXBuildFile; fileRef = 78EA42852B22A3D400E66AD9 /* HomeViewController.swift */; };
		78EA42892B22A3D400E66AD9 /* Main.storyboard in Resources */ = {isa = PBXBuildFile; fileRef = 78EA42872B22A3D400E66AD9 /* Main.storyboard */; };
		78EA428B2B22A3D500E66AD9 /* Assets.xcassets in Resources */ = {isa = PBXBuildFile; fileRef = 78EA428A2B22A3D500E66AD9 /* Assets.xcassets */; };
		78EA428E2B22A3D500E66AD9 /* LaunchScreen.storyboard in Resources */ = {isa = PBXBuildFile; fileRef = 78EA428C2B22A3D500E66AD9 /* LaunchScreen.storyboard */; };
		78EA429C2B22A40E00E66AD9 /* OTTAppSampleProjectTests.swift in Sources */ = {isa = PBXBuildFile; fileRef = 78EA429B2B22A40E00E66AD9 /* OTTAppSampleProjectTests.swift */; };
/* End PBXBuildFile section */

/* Begin PBXContainerItemProxy section */
		78EA429D2B22A40E00E66AD9 /* PBXContainerItemProxy */ = {
			isa = PBXContainerItemProxy;
			containerPortal = 78EA42762B22A3D400E66AD9 /* Project object */;
			proxyType = 1;
			remoteGlobalIDString = 78EA427D2B22A3D400E66AD9;
			remoteInfo = OTTAppSampleProject;
		};
/* End PBXContainerItemProxy section */

/* Begin PBXFileReference section */
		78017B092B293D3E001D4F96 /* Constants.swift */ = {isa = PBXFileReference; lastKnownFileType = sourcecode.swift; path = Constants.swift; sourceTree = "<group>"; };
		78017B0B2B2940C4001D4F96 /* ListWithImageAndTitleCell.swift */ = {isa = PBXFileReference; lastKnownFileType = sourcecode.swift; path = ListWithImageAndTitleCell.swift; sourceTree = "<group>"; };
		78017B0D2B294919001D4F96 /* CellHeaderView.swift */ = {isa = PBXFileReference; lastKnownFileType = sourcecode.swift; path = CellHeaderView.swift; sourceTree = "<group>"; };
		78017B0F2B2954D4001D4F96 /* ListWithImageCell.swift */ = {isa = PBXFileReference; lastKnownFileType = sourcecode.swift; path = ListWithImageCell.swift; sourceTree = "<group>"; };
		78017B112B29586E001D4F96 /* ListWithImageAndNumberCell.swift */ = {isa = PBXFileReference; lastKnownFileType = sourcecode.swift; path = ListWithImageAndNumberCell.swift; sourceTree = "<group>"; };
		78299A342B2A9E6F00C74E26 /* HomeViewModel.swift */ = {isa = PBXFileReference; lastKnownFileType = sourcecode.swift; path = HomeViewModel.swift; sourceTree = "<group>"; };
		78299A382B2ABFD000C74E26 /* APIType.swift */ = {isa = PBXFileReference; lastKnownFileType = sourcecode.swift; path = APIType.swift; sourceTree = "<group>"; };
		78299A3A2B2AC98F00C74E26 /* APIResult.swift */ = {isa = PBXFileReference; lastKnownFileType = sourcecode.swift; path = APIResult.swift; sourceTree = "<group>"; };
		784209472B3073C300E1A295 /* StarRatingView.swift */ = {isa = PBXFileReference; lastKnownFileType = sourcecode.swift; path = StarRatingView.swift; sourceTree = "<group>"; };
		788C55D02B282C55008F74CB /* Section.swift */ = {isa = PBXFileReference; lastKnownFileType = sourcecode.swift; path = Section.swift; sourceTree = "<group>"; };
		788C55D22B282CBF008F74CB /* Item.swift */ = {isa = PBXFileReference; lastKnownFileType = sourcecode.swift; path = Item.swift; sourceTree = "<group>"; };
		788C55D92B282EF0008F74CB /* Content.swift */ = {isa = PBXFileReference; lastKnownFileType = sourcecode.swift; path = Content.swift; sourceTree = "<group>"; };
		788C55DD2B28316F008F74CB /* ContentNavigationView.swift */ = {isa = PBXFileReference; lastKnownFileType = sourcecode.swift; path = ContentNavigationView.swift; sourceTree = "<group>"; };
		788C55DF2B283C19008F74CB /* BannerCell.swift */ = {isa = PBXFileReference; lastKnownFileType = sourcecode.swift; path = BannerCell.swift; sourceTree = "<group>"; };
		78A68E102B315DA7003FAFEB /* TabBarController.swift */ = {isa = PBXFileReference; lastKnownFileType = sourcecode.swift; path = TabBarController.swift; sourceTree = "<group>"; };
		78A68E122B3163AE003FAFEB /* SearchViewController.swift */ = {isa = PBXFileReference; lastKnownFileType = sourcecode.swift; path = SearchViewController.swift; sourceTree = "<group>"; };
		78A68E142B32A199003FAFEB /* APIError.swift */ = {isa = PBXFileReference; lastKnownFileType = sourcecode.swift; path = APIError.swift; sourceTree = "<group>"; };
		78A68E162B32A6C6003FAFEB /* ErrorCoverView.swift */ = {isa = PBXFileReference; lastKnownFileType = sourcecode.swift; path = ErrorCoverView.swift; sourceTree = "<group>"; };
		78A68E182B32BA65003FAFEB /* Extensions.swift */ = {isa = PBXFileReference; lastKnownFileType = sourcecode.swift; path = Extensions.swift; sourceTree = "<group>"; };
		78A68E1D2B32BAD9003FAFEB /* en */ = {isa = PBXFileReference; lastKnownFileType = text.plist.strings; name = en; path = en.lproj/Localizable.strings; sourceTree = "<group>"; };
		78A68E1F2B32BAF7003FAFEB /* en */ = {isa = PBXFileReference; lastKnownFileType = file.storyboard; name = en; path = en.lproj/Main.storyboard; sourceTree = "<group>"; };
		78A68E202B32BAF7003FAFEB /* en */ = {isa = PBXFileReference; lastKnownFileType = file.storyboard; name = en; path = en.lproj/LaunchScreen.storyboard; sourceTree = "<group>"; };
		78A68E242B32BB8E003FAFEB /* ko */ = {isa = PBXFileReference; lastKnownFileType = text.plist.strings; name = ko; path = ko.lproj/Localizable.strings; sourceTree = "<group>"; };
		78BE5AC72B29D63A0047B027 /* API.swift */ = {isa = PBXFileReference; lastKnownFileType = sourcecode.swift; path = API.swift; sourceTree = "<group>"; };
		78D092372B33E601002D6763 /* SearchViewModel.swift */ = {isa = PBXFileReference; lastKnownFileType = sourcecode.swift; path = SearchViewModel.swift; sourceTree = "<group>"; };
		78D092392B340562002D6763 /* ListWithTextAndButtonCell.swift */ = {isa = PBXFileReference; lastKnownFileType = sourcecode.swift; path = ListWithTextAndButtonCell.swift; sourceTree = "<group>"; };
		78EA427E2B22A3D400E66AD9 /* OTTAppSampleProject.app */ = {isa = PBXFileReference; explicitFileType = wrapper.application; includeInIndex = 0; path = OTTAppSampleProject.app; sourceTree = BUILT_PRODUCTS_DIR; };
		78EA42812B22A3D400E66AD9 /* AppDelegate.swift */ = {isa = PBXFileReference; lastKnownFileType = sourcecode.swift; path = AppDelegate.swift; sourceTree = "<group>"; };
		78EA42832B22A3D400E66AD9 /* SceneDelegate.swift */ = {isa = PBXFileReference; lastKnownFileType = sourcecode.swift; path = SceneDelegate.swift; sourceTree = "<group>"; };
		78EA42852B22A3D400E66AD9 /* HomeViewController.swift */ = {isa = PBXFileReference; lastKnownFileType = sourcecode.swift; path = HomeViewController.swift; sourceTree = "<group>"; };
		78EA428A2B22A3D500E66AD9 /* Assets.xcassets */ = {isa = PBXFileReference; lastKnownFileType = folder.assetcatalog; path = Assets.xcassets; sourceTree = "<group>"; };
		78EA428F2B22A3D500E66AD9 /* Info.plist */ = {isa = PBXFileReference; lastKnownFileType = text.plist.xml; path = Info.plist; sourceTree = "<group>"; };
		78EA42992B22A40E00E66AD9 /* OTTAppSampleProjectTests.xctest */ = {isa = PBXFileReference; explicitFileType = wrapper.cfbundle; includeInIndex = 0; path = OTTAppSampleProjectTests.xctest; sourceTree = BUILT_PRODUCTS_DIR; };
		78EA429B2B22A40E00E66AD9 /* OTTAppSampleProjectTests.swift */ = {isa = PBXFileReference; lastKnownFileType = sourcecode.swift; path = OTTAppSampleProjectTests.swift; sourceTree = "<group>"; };
/* End PBXFileReference section */

/* Begin PBXFrameworksBuildPhase section */
		78EA427B2B22A3D400E66AD9 /* Frameworks */ = {
			isa = PBXFrameworksBuildPhase;
			buildActionMask = 2147483647;
			files = (
				788C55C82B281B6D008F74CB /* RxCocoa in Frameworks */,
				788C55C52B281B46008F74CB /* Kingfisher in Frameworks */,
				788C55CA2B281B6D008F74CB /* RxSwift in Frameworks */,
				788C55CD2B281BE0008F74CB /* RxAlamofire in Frameworks */,
				788C55C22B281B3C008F74CB /* SnapKit in Frameworks */,
			);
			runOnlyForDeploymentPostprocessing = 0;
		};
		78EA42962B22A40E00E66AD9 /* Frameworks */ = {
			isa = PBXFrameworksBuildPhase;
			buildActionMask = 2147483647;
			files = (
			);
			runOnlyForDeploymentPostprocessing = 0;
		};
/* End PBXFrameworksBuildPhase section */

/* Begin PBXGroup section */
		78017B082B293D36001D4F96 /* Utils */ = {
			isa = PBXGroup;
			children = (
				78017B092B293D3E001D4F96 /* Constants.swift */,
				78A68E182B32BA65003FAFEB /* Extensions.swift */,
			);
			path = Utils;
			sourceTree = "<group>";
		};
		78299A332B2A9E3D00C74E26 /* ViewModels */ = {
			isa = PBXGroup;
			children = (
				78299A342B2A9E6F00C74E26 /* HomeViewModel.swift */,
				78D092372B33E601002D6763 /* SearchViewModel.swift */,
			);
			path = ViewModels;
			sourceTree = "<group>";
		};
		788C55CE2B282C06008F74CB /* Application */ = {
			isa = PBXGroup;
			children = (
				78EA42812B22A3D400E66AD9 /* AppDelegate.swift */,
				78EA42832B22A3D400E66AD9 /* SceneDelegate.swift */,
				78EA42872B22A3D400E66AD9 /* Main.storyboard */,
				78EA428C2B22A3D500E66AD9 /* LaunchScreen.storyboard */,
				78EA428A2B22A3D500E66AD9 /* Assets.xcassets */,
				78EA428F2B22A3D500E66AD9 /* Info.plist */,
				78A68E1E2B32BAD9003FAFEB /* Localizable.strings */,
			);
			path = Application;
			sourceTree = "<group>";
		};
		788C55CF2B282C49008F74CB /* Models */ = {
			isa = PBXGroup;
			children = (
				788C55D02B282C55008F74CB /* Section.swift */,
				788C55D22B282CBF008F74CB /* Item.swift */,
				788C55D92B282EF0008F74CB /* Content.swift */,
			);
			path = Models;
			sourceTree = "<group>";
		};
		788C55D62B282D75008F74CB /* Views */ = {
			isa = PBXGroup;
			children = (
				78A68E102B315DA7003FAFEB /* TabBarController.swift */,
				78EA42852B22A3D400E66AD9 /* HomeViewController.swift */,
				78A68E122B3163AE003FAFEB /* SearchViewController.swift */,
				788C55D72B282D88008F74CB /* Subviews */,
				788C55D82B282D8F008F74CB /* Cells */,
			);
			path = Views;
			sourceTree = "<group>";
		};
		788C55D72B282D88008F74CB /* Subviews */ = {
			isa = PBXGroup;
			children = (
				788C55DD2B28316F008F74CB /* ContentNavigationView.swift */,
				78017B0D2B294919001D4F96 /* CellHeaderView.swift */,
				784209472B3073C300E1A295 /* StarRatingView.swift */,
				78A68E162B32A6C6003FAFEB /* ErrorCoverView.swift */,
			);
			path = Subviews;
			sourceTree = "<group>";
		};
		788C55D82B282D8F008F74CB /* Cells */ = {
			isa = PBXGroup;
			children = (
				788C55DF2B283C19008F74CB /* BannerCell.swift */,
				78017B0F2B2954D4001D4F96 /* ListWithImageCell.swift */,
				78017B0B2B2940C4001D4F96 /* ListWithImageAndTitleCell.swift */,
				78017B112B29586E001D4F96 /* ListWithImageAndNumberCell.swift */,
				78D092392B340562002D6763 /* ListWithTextAndButtonCell.swift */,
			);
			path = Cells;
			sourceTree = "<group>";
		};
		78BE5AC62B29D6050047B027 /* API */ = {
			isa = PBXGroup;
			children = (
				78BE5AC72B29D63A0047B027 /* API.swift */,
				78299A382B2ABFD000C74E26 /* APIType.swift */,
				78299A3A2B2AC98F00C74E26 /* APIResult.swift */,
				78A68E142B32A199003FAFEB /* APIError.swift */,
			);
			path = API;
			sourceTree = "<group>";
		};
		78EA42752B22A3D400E66AD9 = {
			isa = PBXGroup;
			children = (
				78EA42802B22A3D400E66AD9 /* OTTAppSampleProject */,
				78EA429A2B22A40E00E66AD9 /* OTTAppSampleProjectTests */,
				78EA427F2B22A3D400E66AD9 /* Products */,
			);
			sourceTree = "<group>";
		};
		78EA427F2B22A3D400E66AD9 /* Products */ = {
			isa = PBXGroup;
			children = (
				78EA427E2B22A3D400E66AD9 /* OTTAppSampleProject.app */,
				78EA42992B22A40E00E66AD9 /* OTTAppSampleProjectTests.xctest */,
			);
			name = Products;
			sourceTree = "<group>";
		};
		78EA42802B22A3D400E66AD9 /* OTTAppSampleProject */ = {
			isa = PBXGroup;
			children = (
				788C55CE2B282C06008F74CB /* Application */,
				788C55CF2B282C49008F74CB /* Models */,
				78299A332B2A9E3D00C74E26 /* ViewModels */,
				788C55D62B282D75008F74CB /* Views */,
				78BE5AC62B29D6050047B027 /* API */,
				78017B082B293D36001D4F96 /* Utils */,
			);
			path = OTTAppSampleProject;
			sourceTree = "<group>";
		};
		78EA429A2B22A40E00E66AD9 /* OTTAppSampleProjectTests */ = {
			isa = PBXGroup;
			children = (
				78EA429B2B22A40E00E66AD9 /* OTTAppSampleProjectTests.swift */,
			);
			path = OTTAppSampleProjectTests;
			sourceTree = "<group>";
		};
/* End PBXGroup section */

/* Begin PBXNativeTarget section */
		78EA427D2B22A3D400E66AD9 /* OTTAppSampleProject */ = {
			isa = PBXNativeTarget;
			buildConfigurationList = 78EA42922B22A3D500E66AD9 /* Build configuration list for PBXNativeTarget "OTTAppSampleProject" */;
			buildPhases = (
				78EA427A2B22A3D400E66AD9 /* Sources */,
				78EA427B2B22A3D400E66AD9 /* Frameworks */,
				78EA427C2B22A3D400E66AD9 /* Resources */,
			);
			buildRules = (
			);
			dependencies = (
			);
			name = OTTAppSampleProject;
			packageProductDependencies = (
				788C55C12B281B3C008F74CB /* SnapKit */,
				788C55C42B281B46008F74CB /* Kingfisher */,
				788C55C72B281B6D008F74CB /* RxCocoa */,
				788C55C92B281B6D008F74CB /* RxSwift */,
				788C55CC2B281BE0008F74CB /* RxAlamofire */,
			);
			productName = OTTAppSampleProject;
			productReference = 78EA427E2B22A3D400E66AD9 /* OTTAppSampleProject.app */;
			productType = "com.apple.product-type.application";
		};
		78EA42982B22A40E00E66AD9 /* OTTAppSampleProjectTests */ = {
			isa = PBXNativeTarget;
			buildConfigurationList = 78EA429F2B22A40E00E66AD9 /* Build configuration list for PBXNativeTarget "OTTAppSampleProjectTests" */;
			buildPhases = (
				78EA42952B22A40E00E66AD9 /* Sources */,
				78EA42962B22A40E00E66AD9 /* Frameworks */,
				78EA42972B22A40E00E66AD9 /* Resources */,
			);
			buildRules = (
			);
			dependencies = (
				78EA429E2B22A40E00E66AD9 /* PBXTargetDependency */,
			);
			name = OTTAppSampleProjectTests;
			productName = OTTAppSampleProjectTests;
			productReference = 78EA42992B22A40E00E66AD9 /* OTTAppSampleProjectTests.xctest */;
			productType = "com.apple.product-type.bundle.unit-test";
		};
/* End PBXNativeTarget section */

/* Begin PBXProject section */
		78EA42762B22A3D400E66AD9 /* Project object */ = {
			isa = PBXProject;
			attributes = {
				BuildIndependentTargetsInParallel = 1;
				LastSwiftUpdateCheck = 1500;
				LastUpgradeCheck = 1500;
				TargetAttributes = {
					78EA427D2B22A3D400E66AD9 = {
						CreatedOnToolsVersion = 15.0.1;
					};
					78EA42982B22A40E00E66AD9 = {
						CreatedOnToolsVersion = 15.0.1;
						TestTargetID = 78EA427D2B22A3D400E66AD9;
					};
				};
			};
			buildConfigurationList = 78EA42792B22A3D400E66AD9 /* Build configuration list for PBXProject "OTTAppSampleProject" */;
			compatibilityVersion = "Xcode 14.0";
			developmentRegion = en;
			hasScannedForEncodings = 0;
			knownRegions = (
				en,
				ko,
			);
			mainGroup = 78EA42752B22A3D400E66AD9;
			packageReferences = (
				788C55C02B281B3C008F74CB /* XCRemoteSwiftPackageReference "SnapKit" */,
				788C55C32B281B46008F74CB /* XCRemoteSwiftPackageReference "Kingfisher" */,
				788C55C62B281B6D008F74CB /* XCRemoteSwiftPackageReference "RxSwift" */,
				788C55CB2B281BE0008F74CB /* XCRemoteSwiftPackageReference "RxAlamofire" */,
			);
			productRefGroup = 78EA427F2B22A3D400E66AD9 /* Products */;
			projectDirPath = "";
			projectRoot = "";
			targets = (
				78EA427D2B22A3D400E66AD9 /* OTTAppSampleProject */,
				78EA42982B22A40E00E66AD9 /* OTTAppSampleProjectTests */,
			);
		};
/* End PBXProject section */

/* Begin PBXResourcesBuildPhase section */
		78EA427C2B22A3D400E66AD9 /* Resources */ = {
			isa = PBXResourcesBuildPhase;
			buildActionMask = 2147483647;
			files = (
				78EA428E2B22A3D500E66AD9 /* LaunchScreen.storyboard in Resources */,
				78A68E1C2B32BAD9003FAFEB /* Localizable.strings in Resources */,
				78EA428B2B22A3D500E66AD9 /* Assets.xcassets in Resources */,
				78EA42892B22A3D400E66AD9 /* Main.storyboard in Resources */,
			);
			runOnlyForDeploymentPostprocessing = 0;
		};
		78EA42972B22A40E00E66AD9 /* Resources */ = {
			isa = PBXResourcesBuildPhase;
			buildActionMask = 2147483647;
			files = (
			);
			runOnlyForDeploymentPostprocessing = 0;
		};
/* End PBXResourcesBuildPhase section */

/* Begin PBXSourcesBuildPhase section */
		78EA427A2B22A3D400E66AD9 /* Sources */ = {
			isa = PBXSourcesBuildPhase;
			buildActionMask = 2147483647;
			files = (
				78A68E192B32BA65003FAFEB /* Extensions.swift in Sources */,
				78017B0E2B294919001D4F96 /* CellHeaderView.swift in Sources */,
				788C55D32B282CBF008F74CB /* Item.swift in Sources */,
				788C55DE2B28316F008F74CB /* ContentNavigationView.swift in Sources */,
				78017B0A2B293D3E001D4F96 /* Constants.swift in Sources */,
				78EA42862B22A3D400E66AD9 /* HomeViewController.swift in Sources */,
				78017B0C2B2940C4001D4F96 /* ListWithImageAndTitleCell.swift in Sources */,
				78BE5AC82B29D63A0047B027 /* API.swift in Sources */,
				788C55DA2B282EF0008F74CB /* Content.swift in Sources */,
				78299A3B2B2AC98F00C74E26 /* APIResult.swift in Sources */,
				78017B122B29586E001D4F96 /* ListWithImageAndNumberCell.swift in Sources */,
				78A68E132B3163AE003FAFEB /* SearchViewController.swift in Sources */,
				78A68E112B315DA7003FAFEB /* TabBarController.swift in Sources */,
				78017B102B2954D4001D4F96 /* ListWithImageCell.swift in Sources */,
				788C55D12B282C55008F74CB /* Section.swift in Sources */,
				78EA42822B22A3D400E66AD9 /* AppDelegate.swift in Sources */,
				788C55E02B283C19008F74CB /* BannerCell.swift in Sources */,
				78299A392B2ABFD000C74E26 /* APIType.swift in Sources */,
				78D092382B33E601002D6763 /* SearchViewModel.swift in Sources */,
				78A68E172B32A6C6003FAFEB /* ErrorCoverView.swift in Sources */,
				78D0923A2B340562002D6763 /* ListWithTextAndButtonCell.swift in Sources */,
				78299A352B2A9E6F00C74E26 /* HomeViewModel.swift in Sources */,
				78EA42842B22A3D400E66AD9 /* SceneDelegate.swift in Sources */,
				784209482B3073C300E1A295 /* StarRatingView.swift in Sources */,
				78A68E152B32A199003FAFEB /* APIError.swift in Sources */,
			);
			runOnlyForDeploymentPostprocessing = 0;
		};
		78EA42952B22A40E00E66AD9 /* Sources */ = {
			isa = PBXSourcesBuildPhase;
			buildActionMask = 2147483647;
			files = (
				78EA429C2B22A40E00E66AD9 /* OTTAppSampleProjectTests.swift in Sources */,
			);
			runOnlyForDeploymentPostprocessing = 0;
		};
/* End PBXSourcesBuildPhase section */

/* Begin PBXTargetDependency section */
		78EA429E2B22A40E00E66AD9 /* PBXTargetDependency */ = {
			isa = PBXTargetDependency;
			target = 78EA427D2B22A3D400E66AD9 /* OTTAppSampleProject */;
			targetProxy = 78EA429D2B22A40E00E66AD9 /* PBXContainerItemProxy */;
		};
/* End PBXTargetDependency section */

/* Begin PBXVariantGroup section */
		78A68E1E2B32BAD9003FAFEB /* Localizable.strings */ = {
			isa = PBXVariantGroup;
			children = (
				78A68E1D2B32BAD9003FAFEB /* en */,
				78A68E242B32BB8E003FAFEB /* ko */,
			);
			name = Localizable.strings;
			sourceTree = "<group>";
		};
		78EA42872B22A3D400E66AD9 /* Main.storyboard */ = {
			isa = PBXVariantGroup;
			children = (
				78A68E1F2B32BAF7003FAFEB /* en */,
			);
			name = Main.storyboard;
			sourceTree = "<group>";
		};
		78EA428C2B22A3D500E66AD9 /* LaunchScreen.storyboard */ = {
			isa = PBXVariantGroup;
			children = (
				78A68E202B32BAF7003FAFEB /* en */,
			);
			name = LaunchScreen.storyboard;
			sourceTree = "<group>";
		};
/* End PBXVariantGroup section */

/* Begin XCBuildConfiguration section */
		78EA42902B22A3D500E66AD9 /* Debug */ = {
			isa = XCBuildConfiguration;
			buildSettings = {
				ALWAYS_SEARCH_USER_PATHS = NO;
				ASSETCATALOG_COMPILER_GENERATE_SWIFT_ASSET_SYMBOL_EXTENSIONS = YES;
				CLANG_ANALYZER_LOCALIZABILITY_NONLOCALIZED = YES;
				CLANG_ANALYZER_NONNULL = YES;
				CLANG_ANALYZER_NUMBER_OBJECT_CONVERSION = YES_AGGRESSIVE;
				CLANG_CXX_LANGUAGE_STANDARD = "gnu++20";
				CLANG_ENABLE_MODULES = YES;
				CLANG_ENABLE_OBJC_ARC = YES;
				CLANG_ENABLE_OBJC_WEAK = YES;
				CLANG_WARN_BLOCK_CAPTURE_AUTORELEASING = YES;
				CLANG_WARN_BOOL_CONVERSION = YES;
				CLANG_WARN_COMMA = YES;
				CLANG_WARN_CONSTANT_CONVERSION = YES;
				CLANG_WARN_DEPRECATED_OBJC_IMPLEMENTATIONS = YES;
				CLANG_WARN_DIRECT_OBJC_ISA_USAGE = YES_ERROR;
				CLANG_WARN_DOCUMENTATION_COMMENTS = YES;
				CLANG_WARN_EMPTY_BODY = YES;
				CLANG_WARN_ENUM_CONVERSION = YES;
				CLANG_WARN_INFINITE_RECURSION = YES;
				CLANG_WARN_INT_CONVERSION = YES;
				CLANG_WARN_NON_LITERAL_NULL_CONVERSION = YES;
				CLANG_WARN_OBJC_IMPLICIT_RETAIN_SELF = YES;
				CLANG_WARN_OBJC_LITERAL_CONVERSION = YES;
				CLANG_WARN_OBJC_ROOT_CLASS = YES_ERROR;
				CLANG_WARN_QUOTED_INCLUDE_IN_FRAMEWORK_HEADER = YES;
				CLANG_WARN_RANGE_LOOP_ANALYSIS = YES;
				CLANG_WARN_STRICT_PROTOTYPES = YES;
				CLANG_WARN_SUSPICIOUS_MOVE = YES;
				CLANG_WARN_UNGUARDED_AVAILABILITY = YES_AGGRESSIVE;
				CLANG_WARN_UNREACHABLE_CODE = YES;
				CLANG_WARN__DUPLICATE_METHOD_MATCH = YES;
				COPY_PHASE_STRIP = NO;
				DEBUG_INFORMATION_FORMAT = dwarf;
				ENABLE_STRICT_OBJC_MSGSEND = YES;
				ENABLE_TESTABILITY = YES;
				ENABLE_USER_SCRIPT_SANDBOXING = YES;
				GCC_C_LANGUAGE_STANDARD = gnu17;
				GCC_DYNAMIC_NO_PIC = NO;
				GCC_NO_COMMON_BLOCKS = YES;
				GCC_OPTIMIZATION_LEVEL = 0;
				GCC_PREPROCESSOR_DEFINITIONS = (
					"DEBUG=1",
					"$(inherited)",
				);
				GCC_WARN_64_TO_32_BIT_CONVERSION = YES;
				GCC_WARN_ABOUT_RETURN_TYPE = YES_ERROR;
				GCC_WARN_UNDECLARED_SELECTOR = YES;
				GCC_WARN_UNINITIALIZED_AUTOS = YES_AGGRESSIVE;
				GCC_WARN_UNUSED_FUNCTION = YES;
				GCC_WARN_UNUSED_VARIABLE = YES;
				IPHONEOS_DEPLOYMENT_TARGET = 13.0;
				LOCALIZATION_PREFERS_STRING_CATALOGS = YES;
				MTL_ENABLE_DEBUG_INFO = INCLUDE_SOURCE;
				MTL_FAST_MATH = YES;
				ONLY_ACTIVE_ARCH = YES;
				SDKROOT = iphoneos;
				SWIFT_ACTIVE_COMPILATION_CONDITIONS = "DEBUG $(inherited)";
				SWIFT_OPTIMIZATION_LEVEL = "-Onone";
			};
			name = Debug;
		};
		78EA42912B22A3D500E66AD9 /* Release */ = {
			isa = XCBuildConfiguration;
			buildSettings = {
				ALWAYS_SEARCH_USER_PATHS = NO;
				ASSETCATALOG_COMPILER_GENERATE_SWIFT_ASSET_SYMBOL_EXTENSIONS = YES;
				CLANG_ANALYZER_LOCALIZABILITY_NONLOCALIZED = YES;
				CLANG_ANALYZER_NONNULL = YES;
				CLANG_ANALYZER_NUMBER_OBJECT_CONVERSION = YES_AGGRESSIVE;
				CLANG_CXX_LANGUAGE_STANDARD = "gnu++20";
				CLANG_ENABLE_MODULES = YES;
				CLANG_ENABLE_OBJC_ARC = YES;
				CLANG_ENABLE_OBJC_WEAK = YES;
				CLANG_WARN_BLOCK_CAPTURE_AUTORELEASING = YES;
				CLANG_WARN_BOOL_CONVERSION = YES;
				CLANG_WARN_COMMA = YES;
				CLANG_WARN_CONSTANT_CONVERSION = YES;
				CLANG_WARN_DEPRECATED_OBJC_IMPLEMENTATIONS = YES;
				CLANG_WARN_DIRECT_OBJC_ISA_USAGE = YES_ERROR;
				CLANG_WARN_DOCUMENTATION_COMMENTS = YES;
				CLANG_WARN_EMPTY_BODY = YES;
				CLANG_WARN_ENUM_CONVERSION = YES;
				CLANG_WARN_INFINITE_RECURSION = YES;
				CLANG_WARN_INT_CONVERSION = YES;
				CLANG_WARN_NON_LITERAL_NULL_CONVERSION = YES;
				CLANG_WARN_OBJC_IMPLICIT_RETAIN_SELF = YES;
				CLANG_WARN_OBJC_LITERAL_CONVERSION = YES;
				CLANG_WARN_OBJC_ROOT_CLASS = YES_ERROR;
				CLANG_WARN_QUOTED_INCLUDE_IN_FRAMEWORK_HEADER = YES;
				CLANG_WARN_RANGE_LOOP_ANALYSIS = YES;
				CLANG_WARN_STRICT_PROTOTYPES = YES;
				CLANG_WARN_SUSPICIOUS_MOVE = YES;
				CLANG_WARN_UNGUARDED_AVAILABILITY = YES_AGGRESSIVE;
				CLANG_WARN_UNREACHABLE_CODE = YES;
				CLANG_WARN__DUPLICATE_METHOD_MATCH = YES;
				COPY_PHASE_STRIP = NO;
				DEBUG_INFORMATION_FORMAT = "dwarf-with-dsym";
				ENABLE_NS_ASSERTIONS = NO;
				ENABLE_STRICT_OBJC_MSGSEND = YES;
				ENABLE_USER_SCRIPT_SANDBOXING = YES;
				GCC_C_LANGUAGE_STANDARD = gnu17;
				GCC_NO_COMMON_BLOCKS = YES;
				GCC_WARN_64_TO_32_BIT_CONVERSION = YES;
				GCC_WARN_ABOUT_RETURN_TYPE = YES_ERROR;
				GCC_WARN_UNDECLARED_SELECTOR = YES;
				GCC_WARN_UNINITIALIZED_AUTOS = YES_AGGRESSIVE;
				GCC_WARN_UNUSED_FUNCTION = YES;
				GCC_WARN_UNUSED_VARIABLE = YES;
				IPHONEOS_DEPLOYMENT_TARGET = 13.0;
				LOCALIZATION_PREFERS_STRING_CATALOGS = YES;
				MTL_ENABLE_DEBUG_INFO = NO;
				MTL_FAST_MATH = YES;
				SDKROOT = iphoneos;
				SWIFT_COMPILATION_MODE = wholemodule;
				VALIDATE_PRODUCT = YES;
			};
			name = Release;
		};
		78EA42932B22A3D500E66AD9 /* Debug */ = {
			isa = XCBuildConfiguration;
			buildSettings = {
				ASSETCATALOG_COMPILER_APPICON_NAME = AppIcon;
				ASSETCATALOG_COMPILER_GLOBAL_ACCENT_COLOR_NAME = AccentColor;
				CODE_SIGN_STYLE = Automatic;
				CURRENT_PROJECT_VERSION = 1;
				DEVELOPMENT_TEAM = 5WNP4LSBY4;
				GENERATE_INFOPLIST_FILE = YES;
				INFOPLIST_FILE = OTTAppSampleProject/Application/Info.plist;
				INFOPLIST_KEY_UIApplicationSupportsIndirectInputEvents = YES;
				INFOPLIST_KEY_UILaunchStoryboardName = LaunchScreen;
				INFOPLIST_KEY_UIMainStoryboardFile = Main;
				INFOPLIST_KEY_UISupportedInterfaceOrientations_iPad = "UIInterfaceOrientationPortrait UIInterfaceOrientationPortraitUpsideDown UIInterfaceOrientationLandscapeLeft UIInterfaceOrientationLandscapeRight";
				INFOPLIST_KEY_UISupportedInterfaceOrientations_iPhone = "UIInterfaceOrientationPortrait UIInterfaceOrientationLandscapeLeft UIInterfaceOrientationLandscapeRight";
				LD_RUNPATH_SEARCH_PATHS = (
					"$(inherited)",
					"@executable_path/Frameworks",
				);
				MARKETING_VERSION = 1.0;
				PRODUCT_BUNDLE_IDENTIFIER = com.cyeond.OTTAppSampleProject;
				PRODUCT_NAME = "$(TARGET_NAME)";
				SWIFT_EMIT_LOC_STRINGS = YES;
				SWIFT_VERSION = 5.0;
				TARGETED_DEVICE_FAMILY = "1,2";
			};
			name = Debug;
		};
		78EA42942B22A3D500E66AD9 /* Release */ = {
			isa = XCBuildConfiguration;
			buildSettings = {
				ASSETCATALOG_COMPILER_APPICON_NAME = AppIcon;
				ASSETCATALOG_COMPILER_GLOBAL_ACCENT_COLOR_NAME = AccentColor;
				CODE_SIGN_STYLE = Automatic;
				CURRENT_PROJECT_VERSION = 1;
				DEVELOPMENT_TEAM = 5WNP4LSBY4;
				GENERATE_INFOPLIST_FILE = YES;
				INFOPLIST_FILE = OTTAppSampleProject/Application/Info.plist;
				INFOPLIST_KEY_UIApplicationSupportsIndirectInputEvents = YES;
				INFOPLIST_KEY_UILaunchStoryboardName = LaunchScreen;
				INFOPLIST_KEY_UIMainStoryboardFile = Main;
				INFOPLIST_KEY_UISupportedInterfaceOrientations_iPad = "UIInterfaceOrientationPortrait UIInterfaceOrientationPortraitUpsideDown UIInterfaceOrientationLandscapeLeft UIInterfaceOrientationLandscapeRight";
				INFOPLIST_KEY_UISupportedInterfaceOrientations_iPhone = "UIInterfaceOrientationPortrait UIInterfaceOrientationLandscapeLeft UIInterfaceOrientationLandscapeRight";
				LD_RUNPATH_SEARCH_PATHS = (
					"$(inherited)",
					"@executable_path/Frameworks",
				);
				MARKETING_VERSION = 1.0;
				PRODUCT_BUNDLE_IDENTIFIER = com.cyeond.OTTAppSampleProject;
				PRODUCT_NAME = "$(TARGET_NAME)";
				SWIFT_EMIT_LOC_STRINGS = YES;
				SWIFT_VERSION = 5.0;
				TARGETED_DEVICE_FAMILY = "1,2";
			};
			name = Release;
		};
		78EA42A02B22A40E00E66AD9 /* Debug */ = {
			isa = XCBuildConfiguration;
			buildSettings = {
				BUNDLE_LOADER = "$(TEST_HOST)";
				CODE_SIGN_STYLE = Automatic;
				CURRENT_PROJECT_VERSION = 1;
				DEVELOPMENT_TEAM = 5WNP4LSBY4;
				GENERATE_INFOPLIST_FILE = YES;
				IPHONEOS_DEPLOYMENT_TARGET = 13.0;
				MACOSX_DEPLOYMENT_TARGET = 14.0;
				MARKETING_VERSION = 1.0;
				PRODUCT_BUNDLE_IDENTIFIER = com.cyeond.OTTAppSampleProjectTests;
				PRODUCT_NAME = "$(TARGET_NAME)";
				SDKROOT = auto;
				SUPPORTED_PLATFORMS = "iphoneos iphonesimulator macosx";
				SWIFT_EMIT_LOC_STRINGS = NO;
				SWIFT_VERSION = 5.0;
				TARGETED_DEVICE_FAMILY = "1,2";
				TEST_HOST = "$(BUILT_PRODUCTS_DIR)/OTTAppSampleProject.app/$(BUNDLE_EXECUTABLE_FOLDER_PATH)/OTTAppSampleProject";
			};
			name = Debug;
		};
		78EA42A12B22A40E00E66AD9 /* Release */ = {
			isa = XCBuildConfiguration;
			buildSettings = {
				BUNDLE_LOADER = "$(TEST_HOST)";
				CODE_SIGN_STYLE = Automatic;
				CURRENT_PROJECT_VERSION = 1;
				DEVELOPMENT_TEAM = 5WNP4LSBY4;
				GENERATE_INFOPLIST_FILE = YES;
				IPHONEOS_DEPLOYMENT_TARGET = 13.0;
				MACOSX_DEPLOYMENT_TARGET = 14.0;
				MARKETING_VERSION = 1.0;
				PRODUCT_BUNDLE_IDENTIFIER = com.cyeond.OTTAppSampleProjectTests;
				PRODUCT_NAME = "$(TARGET_NAME)";
				SDKROOT = auto;
				SUPPORTED_PLATFORMS = "iphoneos iphonesimulator macosx";
				SWIFT_EMIT_LOC_STRINGS = NO;
				SWIFT_VERSION = 5.0;
				TARGETED_DEVICE_FAMILY = "1,2";
				TEST_HOST = "$(BUILT_PRODUCTS_DIR)/OTTAppSampleProject.app/$(BUNDLE_EXECUTABLE_FOLDER_PATH)/OTTAppSampleProject";
			};
			name = Release;
		};
/* End XCBuildConfiguration section */

/* Begin XCConfigurationList section */
		78EA42792B22A3D400E66AD9 /* Build configuration list for PBXProject "OTTAppSampleProject" */ = {
			isa = XCConfigurationList;
			buildConfigurations = (
				78EA42902B22A3D500E66AD9 /* Debug */,
				78EA42912B22A3D500E66AD9 /* Release */,
			);
			defaultConfigurationIsVisible = 0;
			defaultConfigurationName = Release;
		};
		78EA42922B22A3D500E66AD9 /* Build configuration list for PBXNativeTarget "OTTAppSampleProject" */ = {
			isa = XCConfigurationList;
			buildConfigurations = (
				78EA42932B22A3D500E66AD9 /* Debug */,
				78EA42942B22A3D500E66AD9 /* Release */,
			);
			defaultConfigurationIsVisible = 0;
			defaultConfigurationName = Release;
		};
		78EA429F2B22A40E00E66AD9 /* Build configuration list for PBXNativeTarget "OTTAppSampleProjectTests" */ = {
			isa = XCConfigurationList;
			buildConfigurations = (
				78EA42A02B22A40E00E66AD9 /* Debug */,
				78EA42A12B22A40E00E66AD9 /* Release */,
			);
			defaultConfigurationIsVisible = 0;
			defaultConfigurationName = Release;
		};
/* End XCConfigurationList section */

/* Begin XCRemoteSwiftPackageReference section */
		788C55C02B281B3C008F74CB /* XCRemoteSwiftPackageReference "SnapKit" */ = {
			isa = XCRemoteSwiftPackageReference;
			repositoryURL = "https://github.com/SnapKit/SnapKit.git";
			requirement = {
				kind = upToNextMajorVersion;
				minimumVersion = 5.6.0;
			};
		};
		788C55C32B281B46008F74CB /* XCRemoteSwiftPackageReference "Kingfisher" */ = {
			isa = XCRemoteSwiftPackageReference;
			repositoryURL = "https://github.com/onevcat/Kingfisher.git";
			requirement = {
				kind = upToNextMajorVersion;
				minimumVersion = 7.10.1;
			};
		};
		788C55C62B281B6D008F74CB /* XCRemoteSwiftPackageReference "RxSwift" */ = {
			isa = XCRemoteSwiftPackageReference;
			repositoryURL = "https://github.com/ReactiveX/RxSwift";
			requirement = {
				kind = upToNextMajorVersion;
				minimumVersion = 6.6.0;
			};
		};
		788C55CB2B281BE0008F74CB /* XCRemoteSwiftPackageReference "RxAlamofire" */ = {
			isa = XCRemoteSwiftPackageReference;
			repositoryURL = "https://github.com/RxSwiftCommunity/RxAlamofire";
			requirement = {
				kind = upToNextMajorVersion;
				minimumVersion = 6.0.0;
			};
		};
/* End XCRemoteSwiftPackageReference section */

/* Begin XCSwiftPackageProductDependency section */
		788C55C12B281B3C008F74CB /* SnapKit */ = {
			isa = XCSwiftPackageProductDependency;
			package = 788C55C02B281B3C008F74CB /* XCRemoteSwiftPackageReference "SnapKit" */;
			productName = SnapKit;
		};
		788C55C42B281B46008F74CB /* Kingfisher */ = {
			isa = XCSwiftPackageProductDependency;
			package = 788C55C32B281B46008F74CB /* XCRemoteSwiftPackageReference "Kingfisher" */;
			productName = Kingfisher;
		};
		788C55C72B281B6D008F74CB /* RxCocoa */ = {
			isa = XCSwiftPackageProductDependency;
			package = 788C55C62B281B6D008F74CB /* XCRemoteSwiftPackageReference "RxSwift" */;
			productName = RxCocoa;
		};
		788C55C92B281B6D008F74CB /* RxSwift */ = {
			isa = XCSwiftPackageProductDependency;
			package = 788C55C62B281B6D008F74CB /* XCRemoteSwiftPackageReference "RxSwift" */;
			productName = RxSwift;
		};
		788C55CC2B281BE0008F74CB /* RxAlamofire */ = {
			isa = XCSwiftPackageProductDependency;
			package = 788C55CB2B281BE0008F74CB /* XCRemoteSwiftPackageReference "RxAlamofire" */;
			productName = RxAlamofire;
		};
/* End XCSwiftPackageProductDependency section */
	};
	rootObject = 78EA42762B22A3D400E66AD9 /* Project object */;
}
